PODS:
  - SAConfettiView (0.1.8)

DEPENDENCIES:
  - SAConfettiView (from `https://github.com/gokhanakkurt/SAConfettiView`, branch `swift3`)

EXTERNAL SOURCES:
  SAConfettiView:
    :branch: swift3
    :git: https://github.com/gokhanakkurt/SAConfettiView

CHECKOUT OPTIONS:
  SAConfettiView:
    :commit: ad562197a289cd2ce231effabe705fb6e00fadec
    :git: https://github.com/gokhanakkurt/SAConfettiView

SPEC CHECKSUMS:
  SAConfettiView: c87031a2280659261b730fce3669fb10e73636ee

PODFILE CHECKSUM: f29826e4309b836b81dd3f07d314d9007fbbbbff

COCOAPODS: 1.0.1
